{
  "requires": true,
  "lockfileVersion": 1,
  "dependencies": {
    "react-easy-crop": {
      "version": "3.3.0",
      "resolved": "https://registry.npmjs.org/react-easy-crop/-/react-easy-crop-3.3.0.tgz",
      "integrity": "sha512-3udl/ZlyHkCldtNpY0XdNNym6gugRStII7j93KXaZyVACfiMvb5WQmieGnkGIffItNQnOGQ44X1koe165rUPNQ==",
      "requires": {
        "tslib": "2.0.1"
      }
    },
    "tslib": {
      "version": "2.0.1",
      "resolved": "https://registry.npmjs.org/tslib/-/tslib-2.0.1.tgz",
      "integrity": "sha512-SgIkNheinmEBgx1IUNirK0TUD4X9yjjBRTqqjggWCU3pUEqIk3/Uwl3yRixYKT6WjQuGiwDv4NomL3wqRCj+CQ=="
    }
  }
}
